
Microsoft Visual Studio Solution File, Format Version 12.00
# Visual Studio Version 17
VisualStudioVersion = 17.9.34728.123
MinimumVisualStudioVersion = 10.0.40219.1
Project("{9A19103F-16F7-4668-BE54-9A1E7A4F7556}") = "NeoGym-Project", "NeoGym-Project\NeoGym-Project.csproj", "{90D39B55-6E1C-4204-BA45-248C284B2EF0}"
EndProject
Project("{FAE04EC0-301F-11D3-BF4B-00C04F79EFBC}") = "DataBase", "DataBase\DataBase.csproj", "{49F690D6-B545-4297-B92D-439E1D1452D2}"
EndProject
Global
	GlobalSection(SolutionConfigurationPlatforms) = preSolution
		Debug|Any CPU = Debug|Any CPU
		Release|Any CPU = Release|Any CPU
	EndGlobalSection
	GlobalSection(ProjectConfigurationPlatforms) = postSolution
		{90D39B55-6E1C-4204-BA45-248C284B2EF0}.Debug|Any CPU.ActiveCfg = Debug|Any CPU
		{90D39B55-6E1C-4204-BA45-248C284B2EF0}.Debug|Any CPU.Build.0 = Debug|Any CPU
		{90D39B55-6E1C-4204-BA45-248C284B2EF0}.Release|Any CPU.ActiveCfg = Release|Any CPU
		{90D39B55-6E1C-4204-BA45-248C284B2EF0}.Release|Any CPU.Build.0 = Release|Any CPU
		{49F690D6-B545-4297-B92D-439E1D1452D2}.Debug|Any CPU.ActiveCfg = Debug|Any CPU
		{49F690D6-B545-4297-B92D-439E1D1452D2}.Debug|Any CPU.Build.0 = Debug|Any CPU
		{49F690D6-B545-4297-B92D-439E1D1452D2}.Release|Any CPU.ActiveCfg = Release|Any CPU
		{49F690D6-B545-4297-B92D-439E1D1452D2}.Release|Any CPU.Build.0 = Release|Any CPU
	EndGlobalSection
	GlobalSection(SolutionProperties) = preSolution
		HideSolutionNode = FALSE
	EndGlobalSection
	GlobalSection(ExtensibilityGlobals) = postSolution
		SolutionGuid = {8180CD9B-B25E-48A6-819F-A4EBF08382CD}
	EndGlobalSection
EndGlobal
